
Microsoft Visual Studio Solution File, Format Version 12.00
# Visual Studio Version 16
VisualStudioVersion = 16.0.29306.81
MinimumVisualStudioVersion = 10.0.40219.1
Project("{FAE04EC0-301F-11D3-BF4B-00C04F79EFBC}") = "WebApp", "WebApp\WebApp.csproj", "{AF70F549-0583-4F21-B7EA-15118288F515}"
EndProject
Global
	GlobalSection(SolutionConfigurationPlatforms) = preSolution
		Debug|Any CPU = Debug|Any CPU
		Release|Any CPU = Release|Any CPU
	EndGlobalSection
	GlobalSection(ProjectConfigurationPlatforms) = postSolution
		{AF70F549-0583-4F21-B7EA-15118288F515}.Debug|Any CPU.ActiveCfg = Debug|Any CPU
		{AF70F549-0583-4F21-B7EA-15118288F515}.Debug|Any CPU.Build.0 = Debug|Any CPU
		{AF70F549-0583-4F21-B7EA-15118288F515}.Release|Any CPU.ActiveCfg = Release|Any CPU
		{AF70F549-0583-4F21-B7EA-15118288F515}.Release|Any CPU.Build.0 = Release|Any CPU
	EndGlobalSection
	GlobalSection(SolutionProperties) = preSolution
		HideSolutionNode = FALSE
	EndGlobalSection
	GlobalSection(ExtensibilityGlobals) = postSolution
		SolutionGuid = {3AFB4AF0-7482-4E14-ADCF-44EB7B1DA554}
	EndGlobalSection
EndGlobal
